
Microsoft Visual Studio Solution File, Format Version 12.00
# Visual Studio Version 17
VisualStudioVersion = 17.14.36401.2
MinimumVisualStudioVersion = 10.0.40219.1
Project("{FAE04EC0-301F-11D3-BF4B-00C04F79EFBC}") = "Revisio.API", "Revisio\Revisio.API.csproj", "{630B7777-94D1-4507-A0E9-1A54E193114D}"
EndProject
Project("{FAE04EC0-301F-11D3-BF4B-00C04F79EFBC}") = "Revisio.Application", "Revisio.Application\Revisio.Application.csproj", "{B697E994-2BF1-4573-8A39-2EB9DC1D55E1}"
EndProject
Project("{FAE04EC0-301F-11D3-BF4B-00C04F79EFBC}") = "Revisio.Domain", "Revisio.Domain\Revisio.Domain.csproj", "{822F5919-2C38-4CF0-8F16-750127A86589}"
EndProject
Project("{FAE04EC0-301F-11D3-BF4B-00C04F79EFBC}") = "Revisio.Infrastructure", "Revisio.Infrastructure\Revisio.Infrastructure.csproj", "{0A3ECBF3-31F7-47FA-8EEF-64E07ABDC6A7}"
EndProject
Project("{2150E333-8FDC-42A3-9474-1A3956D46DE8}") = "Solution Items", "Solution Items", "{8EC462FD-D22E-90A8-E5CE-7E832BA40C5D}"
	ProjectSection(SolutionItems) = preProject
		.gitignore = .gitignore
	EndProjectSection
EndProject
Global
	GlobalSection(SolutionConfigurationPlatforms) = preSolution
		Debug|Any CPU = Debug|Any CPU
		Release|Any CPU = Release|Any CPU
	EndGlobalSection
	GlobalSection(ProjectConfigurationPlatforms) = postSolution
		{630B7777-94D1-4507-A0E9-1A54E193114D}.Debug|Any CPU.ActiveCfg = Debug|Any CPU
		{630B7777-94D1-4507-A0E9-1A54E193114D}.Debug|Any CPU.Build.0 = Debug|Any CPU
		{630B7777-94D1-4507-A0E9-1A54E193114D}.Release|Any CPU.ActiveCfg = Release|Any CPU
		{630B7777-94D1-4507-A0E9-1A54E193114D}.Release|Any CPU.Build.0 = Release|Any CPU
		{B697E994-2BF1-4573-8A39-2EB9DC1D55E1}.Debug|Any CPU.ActiveCfg = Debug|Any CPU
		{B697E994-2BF1-4573-8A39-2EB9DC1D55E1}.Debug|Any CPU.Build.0 = Debug|Any CPU
		{B697E994-2BF1-4573-8A39-2EB9DC1D55E1}.Release|Any CPU.ActiveCfg = Release|Any CPU
		{B697E994-2BF1-4573-8A39-2EB9DC1D55E1}.Release|Any CPU.Build.0 = Release|Any CPU
		{822F5919-2C38-4CF0-8F16-750127A86589}.Debug|Any CPU.ActiveCfg = Debug|Any CPU
		{822F5919-2C38-4CF0-8F16-750127A86589}.Debug|Any CPU.Build.0 = Debug|Any CPU
		{822F5919-2C38-4CF0-8F16-750127A86589}.Release|Any CPU.ActiveCfg = Release|Any CPU
		{822F5919-2C38-4CF0-8F16-750127A86589}.Release|Any CPU.Build.0 = Release|Any CPU
		{0A3ECBF3-31F7-47FA-8EEF-64E07ABDC6A7}.Debug|Any CPU.ActiveCfg = Debug|Any CPU
		{0A3ECBF3-31F7-47FA-8EEF-64E07ABDC6A7}.Debug|Any CPU.Build.0 = Debug|Any CPU
		{0A3ECBF3-31F7-47FA-8EEF-64E07ABDC6A7}.Release|Any CPU.ActiveCfg = Release|Any CPU
		{0A3ECBF3-31F7-47FA-8EEF-64E07ABDC6A7}.Release|Any CPU.Build.0 = Release|Any CPU
	EndGlobalSection
	GlobalSection(SolutionProperties) = preSolution
		HideSolutionNode = FALSE
	EndGlobalSection
	GlobalSection(ExtensibilityGlobals) = postSolution
		SolutionGuid = {7596C392-2D6E-4AD5-B466-03994ECB8FB0}
	EndGlobalSection
EndGlobal
